
Microsoft Visual Studio Solution File, Format Version 12.00
# Visual Studio 15
VisualStudioVersion = 15.0.28307.539
MinimumVisualStudioVersion = 10.0.40219.1
Project("{FAE04EC0-301F-11D3-BF4B-00C04F79EFBC}") = "Dry", "Dry\Dry.csproj", "{A875A705-C7F5-49CC-AE24-2441775F74EF}"
EndProject
Project("{FAE04EC0-301F-11D3-BF4B-00C04F79EFBC}") = "MagicNumbers", "MagicNumbers\MagicNumbers.csproj", "{D91A4FF3-2E5A-4A52-9AD8-EE6D8FC4913C}"
EndProject
Global
	GlobalSection(SolutionConfigurationPlatforms) = preSolution
		Debug|Any CPU = Debug|Any CPU
		Release|Any CPU = Release|Any CPU
	EndGlobalSection
	GlobalSection(ProjectConfigurationPlatforms) = postSolution
		{A875A705-C7F5-49CC-AE24-2441775F74EF}.Debug|Any CPU.ActiveCfg = Debug|Any CPU
		{A875A705-C7F5-49CC-AE24-2441775F74EF}.Debug|Any CPU.Build.0 = Debug|Any CPU
		{A875A705-C7F5-49CC-AE24-2441775F74EF}.Release|Any CPU.ActiveCfg = Release|Any CPU
		{A875A705-C7F5-49CC-AE24-2441775F74EF}.Release|Any CPU.Build.0 = Release|Any CPU
		{D91A4FF3-2E5A-4A52-9AD8-EE6D8FC4913C}.Debug|Any CPU.ActiveCfg = Debug|Any CPU
		{D91A4FF3-2E5A-4A52-9AD8-EE6D8FC4913C}.Debug|Any CPU.Build.0 = Debug|Any CPU
		{D91A4FF3-2E5A-4A52-9AD8-EE6D8FC4913C}.Release|Any CPU.ActiveCfg = Release|Any CPU
		{D91A4FF3-2E5A-4A52-9AD8-EE6D8FC4913C}.Release|Any CPU.Build.0 = Release|Any CPU
	EndGlobalSection
	GlobalSection(SolutionProperties) = preSolution
		HideSolutionNode = FALSE
	EndGlobalSection
	GlobalSection(ExtensibilityGlobals) = postSolution
		SolutionGuid = {6AE87084-D1F0-43C0-8FE4-7020A5E400C2}
	EndGlobalSection
EndGlobal
